
Microsoft Visual Studio Solution File, Format Version 12.00
# Visual Studio Version 17
VisualStudioVersion = 17.9.34714.143
MinimumVisualStudioVersion = 10.0.40219.1
Project("{FAE04EC0-301F-11D3-BF4B-00C04F79EFBC}") = "WpfApp6", "WpfApp6.csproj", "{AF6F1A69-E056-48F4-948C-0A765647D44E}"
EndProject
Global
	GlobalSection(SolutionConfigurationPlatforms) = preSolution
		Debug|Any CPU = Debug|Any CPU
		Release|Any CPU = Release|Any CPU
	EndGlobalSection
	GlobalSection(ProjectConfigurationPlatforms) = postSolution
		{AF6F1A69-E056-48F4-948C-0A765647D44E}.Debug|Any CPU.ActiveCfg = Debug|Any CPU
		{AF6F1A69-E056-48F4-948C-0A765647D44E}.Debug|Any CPU.Build.0 = Debug|Any CPU
		{AF6F1A69-E056-48F4-948C-0A765647D44E}.Release|Any CPU.ActiveCfg = Release|Any CPU
		{AF6F1A69-E056-48F4-948C-0A765647D44E}.Release|Any CPU.Build.0 = Release|Any CPU
	EndGlobalSection
	GlobalSection(SolutionProperties) = preSolution
		HideSolutionNode = FALSE
	EndGlobalSection
	GlobalSection(ExtensibilityGlobals) = postSolution
		SolutionGuid = {232FA51E-8CF3-4EDE-9B2B-7CC73A7D838A}
	EndGlobalSection
EndGlobal
